
Microsoft Visual Studio Solution File, Format Version 12.00
# Visual Studio Version 16
VisualStudioVersion = 16.0.32126.315
MinimumVisualStudioVersion = 10.0.40219.1
Project("{8BC9CEB8-8B4A-11D0-8D11-00A0C91BC942}") = "system_muzinan", "system_muzinan.vcxproj", "{C05D2485-92E2-4480-882A-440EA661A966}"
EndProject
Global
	GlobalSection(SolutionConfigurationPlatforms) = preSolution
		Debug|x64 = Debug|x64
		Debug|x86 = Debug|x86
		Release|x64 = Release|x64
		Release|x86 = Release|x86
	EndGlobalSection
	GlobalSection(ProjectConfigurationPlatforms) = postSolution
		{C05D2485-92E2-4480-882A-440EA661A966}.Debug|x64.ActiveCfg = Debug|x64
		{C05D2485-92E2-4480-882A-440EA661A966}.Debug|x64.Build.0 = Debug|x64
		{C05D2485-92E2-4480-882A-440EA661A966}.Debug|x86.ActiveCfg = Debug|Win32
		{C05D2485-92E2-4480-882A-440EA661A966}.Debug|x86.Build.0 = Debug|Win32
		{C05D2485-92E2-4480-882A-440EA661A966}.Release|x64.ActiveCfg = Release|x64
		{C05D2485-92E2-4480-882A-440EA661A966}.Release|x64.Build.0 = Release|x64
		{C05D2485-92E2-4480-882A-440EA661A966}.Release|x86.ActiveCfg = Release|Win32
		{C05D2485-92E2-4480-882A-440EA661A966}.Release|x86.Build.0 = Release|Win32
	EndGlobalSection
	GlobalSection(SolutionProperties) = preSolution
		HideSolutionNode = FALSE
	EndGlobalSection
	GlobalSection(ExtensibilityGlobals) = postSolution
		SolutionGuid = {30EC18AC-C284-413A-A229-0698BA7D5359}
	EndGlobalSection
EndGlobal
